
Microsoft Visual Studio Solution File, Format Version 12.00
# Visual Studio Version 17
VisualStudioVersion = 17.9.34701.34
MinimumVisualStudioVersion = 10.0.40219.1
Project("{2150E333-8FDC-42A3-9474-1A3956D46DE8}") = "Frontend", "Frontend", "{CF611E13-1C2B-4B9F-986A-40BFADA00F9E}"
EndProject
Project("{2150E333-8FDC-42A3-9474-1A3956D46DE8}") = "Services", "Services", "{EF42E214-90D9-4D30-95C7-A6224EFCC425}"
EndProject
Project("{FAE04EC0-301F-11D3-BF4B-00C04F79EFBC}") = "ShirtShooping.Web", "ShirtShooping.Web\ShirtShooping.Web.csproj", "{DEA35E42-BE96-4B76-B465-85799FB2B545}"
EndProject
Project("{FAE04EC0-301F-11D3-BF4B-00C04F79EFBC}") = "ShirtShooping.PoductAPI", "ShirtShooping.PoductAPI\ShirtShooping.PoductAPI.csproj", "{4919AAB9-B378-4FC1-B533-FDBA4B3DC13F}"
EndProject
Project("{FAE04EC0-301F-11D3-BF4B-00C04F79EFBC}") = "ShirtShooping.IdentityServer", "ShirtShooping.IdentityServer\ShirtShooping.IdentityServer.csproj", "{744F9B67-B6B9-4051-9F10-734A251DBAFE}"
EndProject
Global
	GlobalSection(SolutionConfigurationPlatforms) = preSolution
		Debug|Any CPU = Debug|Any CPU
		Release|Any CPU = Release|Any CPU
	EndGlobalSection
	GlobalSection(ProjectConfigurationPlatforms) = postSolution
		{DEA35E42-BE96-4B76-B465-85799FB2B545}.Debug|Any CPU.ActiveCfg = Debug|Any CPU
		{DEA35E42-BE96-4B76-B465-85799FB2B545}.Debug|Any CPU.Build.0 = Debug|Any CPU
		{DEA35E42-BE96-4B76-B465-85799FB2B545}.Release|Any CPU.ActiveCfg = Release|Any CPU
		{DEA35E42-BE96-4B76-B465-85799FB2B545}.Release|Any CPU.Build.0 = Release|Any CPU
		{4919AAB9-B378-4FC1-B533-FDBA4B3DC13F}.Debug|Any CPU.ActiveCfg = Debug|Any CPU
		{4919AAB9-B378-4FC1-B533-FDBA4B3DC13F}.Debug|Any CPU.Build.0 = Debug|Any CPU
		{4919AAB9-B378-4FC1-B533-FDBA4B3DC13F}.Release|Any CPU.ActiveCfg = Release|Any CPU
		{4919AAB9-B378-4FC1-B533-FDBA4B3DC13F}.Release|Any CPU.Build.0 = Release|Any CPU
		{744F9B67-B6B9-4051-9F10-734A251DBAFE}.Debug|Any CPU.ActiveCfg = Debug|Any CPU
		{744F9B67-B6B9-4051-9F10-734A251DBAFE}.Debug|Any CPU.Build.0 = Debug|Any CPU
		{744F9B67-B6B9-4051-9F10-734A251DBAFE}.Release|Any CPU.ActiveCfg = Release|Any CPU
		{744F9B67-B6B9-4051-9F10-734A251DBAFE}.Release|Any CPU.Build.0 = Release|Any CPU
	EndGlobalSection
	GlobalSection(SolutionProperties) = preSolution
		HideSolutionNode = FALSE
	EndGlobalSection
	GlobalSection(NestedProjects) = preSolution
		{DEA35E42-BE96-4B76-B465-85799FB2B545} = {CF611E13-1C2B-4B9F-986A-40BFADA00F9E}
		{4919AAB9-B378-4FC1-B533-FDBA4B3DC13F} = {EF42E214-90D9-4D30-95C7-A6224EFCC425}
		{744F9B67-B6B9-4051-9F10-734A251DBAFE} = {EF42E214-90D9-4D30-95C7-A6224EFCC425}
	EndGlobalSection
	GlobalSection(ExtensibilityGlobals) = postSolution
		SolutionGuid = {08E6E80A-BDCE-43EC-9BDA-B329E6A476DD}
	EndGlobalSection
EndGlobal
